// !$*UTF8*$!
{
	archiveVersion = 1;
	classes = {
	};
	objectVersion = 51;
	objects = {

/* Begin PBXBuildFile section */
		068CF7918AD20E67E6849330 /* Pods_Feed_List_DisplayTests.framework in Frameworks */ = {isa = PBXBuildFile; fileRef = 3E7CBFAA209376C8A787C0A0 /* Pods_Feed_List_DisplayTests.framework */; };
		44F24CA229B00BAA0A0BF617 /* Pods_Feed_List_Display.framework in Frameworks */ = {isa = PBXBuildFile; fileRef = 0E4F1A6E0C2004F4CDDAE008 /* Pods_Feed_List_Display.framework */; };
		62139AF622C34FA000B30DDE /* PostSpecTests.swift in Sources */ = {isa = PBXBuildFile; fileRef = 62139AF522C34FA000B30DDE /* PostSpecTests.swift */; };
		62F6AF2022C2E79B00923028 /* AppDelegate.swift in Sources */ = {isa = PBXBuildFile; fileRef = 62F6AF1F22C2E79B00923028 /* AppDelegate.swift */; };
		62F6AF2222C2E79B00923028 /* DisplayListViewController.swift in Sources */ = {isa = PBXBuildFile; fileRef = 62F6AF2122C2E79B00923028 /* DisplayListViewController.swift */; };
		62F6AF2522C2E79B00923028 /* Main.storyboard in Resources */ = {isa = PBXBuildFile; fileRef = 62F6AF2322C2E79B00923028 /* Main.storyboard */; };
		62F6AF2A22C2E79C00923028 /* Assets.xcassets in Resources */ = {isa = PBXBuildFile; fileRef = 62F6AF2922C2E79C00923028 /* Assets.xcassets */; };
		62F6AF2D22C2E79C00923028 /* LaunchScreen.storyboard in Resources */ = {isa = PBXBuildFile; fileRef = 62F6AF2B22C2E79C00923028 /* LaunchScreen.storyboard */; };
		62F6AF3822C2E79C00923028 /* Feed_List_DisplayTests.swift in Sources */ = {isa = PBXBuildFile; fileRef = 62F6AF3722C2E79C00923028 /* Feed_List_DisplayTests.swift */; };
		62F6AF4622C2EA5300923028 /* Application.swift in Sources */ = {isa = PBXBuildFile; fileRef = 62F6AF4422C2EA5300923028 /* Application.swift */; };
		62F6AF4722C2EA5300923028 /* ApplicationCoordinator.swift in Sources */ = {isa = PBXBuildFile; fileRef = 62F6AF4522C2EA5300923028 /* ApplicationCoordinator.swift */; };
		62F6AF4A22C2EBE000923028 /* DisplayListViewModel.swift in Sources */ = {isa = PBXBuildFile; fileRef = 62F6AF4922C2EBE000923028 /* DisplayListViewModel.swift */; };
		62F6AF4C22C30C0700923028 /* Post.swift in Sources */ = {isa = PBXBuildFile; fileRef = 62F6AF4B22C30C0700923028 /* Post.swift */; };
		62F6AF5122C3174C00923028 /* ApplicationTests.swift in Sources */ = {isa = PBXBuildFile; fileRef = 62F6AF5022C3174C00923028 /* ApplicationTests.swift */; };
		62F6AF5422C331FD00923028 /* README.md in Resources */ = {isa = PBXBuildFile; fileRef = 62F6AF5322C331FD00923028 /* README.md */; };
/* End PBXBuildFile section */

/* Begin PBXContainerItemProxy section */
		62F6AF3422C2E79C00923028 /* PBXContainerItemProxy */ = {
			isa = PBXContainerItemProxy;
			containerPortal = 62F6AF1422C2E79B00923028 /* Project object */;
			proxyType = 1;
			remoteGlobalIDString = 62F6AF1B22C2E79B00923028;
			remoteInfo = "Feed List Display";
		};
/* End PBXContainerItemProxy section */

/* Begin PBXFileReference section */
		0CFB95D51B4CD97BF2A825F8 /* Pods-Feed List Display.release.xcconfig */ = {isa = PBXFileReference; includeInIndex = 1; lastKnownFileType = text.xcconfig; name = "Pods-Feed List Display.release.xcconfig"; path = "Target Support Files/Pods-Feed List Display/Pods-Feed List Display.release.xcconfig"; sourceTree = "<group>"; };
		0E4F1A6E0C2004F4CDDAE008 /* Pods_Feed_List_Display.framework */ = {isa = PBXFileReference; explicitFileType = wrapper.framework; includeInIndex = 0; path = Pods_Feed_List_Display.framework; sourceTree = BUILT_PRODUCTS_DIR; };
		3E7CBFAA209376C8A787C0A0 /* Pods_Feed_List_DisplayTests.framework */ = {isa = PBXFileReference; explicitFileType = wrapper.framework; includeInIndex = 0; path = Pods_Feed_List_DisplayTests.framework; sourceTree = BUILT_PRODUCTS_DIR; };
		62139AF522C34FA000B30DDE /* PostSpecTests.swift */ = {isa = PBXFileReference; lastKnownFileType = sourcecode.swift; path = PostSpecTests.swift; sourceTree = "<group>"; };
		62F6AF1C22C2E79B00923028 /* Feed List Display.app */ = {isa = PBXFileReference; explicitFileType = wrapper.application; includeInIndex = 0; path = "Feed List Display.app"; sourceTree = BUILT_PRODUCTS_DIR; };
		62F6AF1F22C2E79B00923028 /* AppDelegate.swift */ = {isa = PBXFileReference; lastKnownFileType = sourcecode.swift; path = AppDelegate.swift; sourceTree = "<group>"; };
		62F6AF2122C2E79B00923028 /* DisplayListViewController.swift */ = {isa = PBXFileReference; lastKnownFileType = sourcecode.swift; path = DisplayListViewController.swift; sourceTree = "<group>"; };
		62F6AF2422C2E79B00923028 /* Base */ = {isa = PBXFileReference; lastKnownFileType = file.storyboard; name = Base; path = Base.lproj/Main.storyboard; sourceTree = "<group>"; };
		62F6AF2922C2E79C00923028 /* Assets.xcassets */ = {isa = PBXFileReference; lastKnownFileType = folder.assetcatalog; path = Assets.xcassets; sourceTree = "<group>"; };
		62F6AF2C22C2E79C00923028 /* Base */ = {isa = PBXFileReference; lastKnownFileType = file.storyboard; name = Base; path = Base.lproj/LaunchScreen.storyboard; sourceTree = "<group>"; };
		62F6AF2E22C2E79C00923028 /* Info.plist */ = {isa = PBXFileReference; lastKnownFileType = text.plist.xml; path = Info.plist; sourceTree = "<group>"; };
		62F6AF3322C2E79C00923028 /* Feed List DisplayTests.xctest */ = {isa = PBXFileReference; explicitFileType = wrapper.cfbundle; includeInIndex = 0; path = "Feed List DisplayTests.xctest"; sourceTree = BUILT_PRODUCTS_DIR; };
		62F6AF3722C2E79C00923028 /* Feed_List_DisplayTests.swift */ = {isa = PBXFileReference; lastKnownFileType = sourcecode.swift; path = Feed_List_DisplayTests.swift; sourceTree = "<group>"; };
		62F6AF3922C2E79C00923028 /* Info.plist */ = {isa = PBXFileReference; lastKnownFileType = text.plist.xml; path = Info.plist; sourceTree = "<group>"; };
		62F6AF4422C2EA5300923028 /* Application.swift */ = {isa = PBXFileReference; fileEncoding = 4; lastKnownFileType = sourcecode.swift; path = Application.swift; sourceTree = "<group>"; };
		62F6AF4522C2EA5300923028 /* ApplicationCoordinator.swift */ = {isa = PBXFileReference; fileEncoding = 4; lastKnownFileType = sourcecode.swift; path = ApplicationCoordinator.swift; sourceTree = "<group>"; };
		62F6AF4922C2EBE000923028 /* DisplayListViewModel.swift */ = {isa = PBXFileReference; lastKnownFileType = sourcecode.swift; path = DisplayListViewModel.swift; sourceTree = "<group>"; };
		62F6AF4B22C30C0700923028 /* Post.swift */ = {isa = PBXFileReference; lastKnownFileType = sourcecode.swift; path = Post.swift; sourceTree = "<group>"; };
		62F6AF5022C3174C00923028 /* ApplicationTests.swift */ = {isa = PBXFileReference; lastKnownFileType = sourcecode.swift; path = ApplicationTests.swift; sourceTree = "<group>"; };
		62F6AF5322C331FD00923028 /* README.md */ = {isa = PBXFileReference; fileEncoding = 4; lastKnownFileType = net.daringfireball.markdown; path = README.md; sourceTree = "<group>"; };
		78FBDD9770F484986480008B /* Pods-Feed List Display.debug.xcconfig */ = {isa = PBXFileReference; includeInIndex = 1; lastKnownFileType = text.xcconfig; name = "Pods-Feed List Display.debug.xcconfig"; path = "Target Support Files/Pods-Feed List Display/Pods-Feed List Display.debug.xcconfig"; sourceTree = "<group>"; };
		CCF9CB403A9DEDF2D03B9447 /* Pods-Feed List DisplayTests.debug.xcconfig */ = {isa = PBXFileReference; includeInIndex = 1; lastKnownFileType = text.xcconfig; name = "Pods-Feed List DisplayTests.debug.xcconfig"; path = "Target Support Files/Pods-Feed List DisplayTests/Pods-Feed List DisplayTests.debug.xcconfig"; sourceTree = "<group>"; };
		D429A4F685531502D97A85DD /* Pods-Feed List DisplayTests.release.xcconfig */ = {isa = PBXFileReference; includeInIndex = 1; lastKnownFileType = text.xcconfig; name = "Pods-Feed List DisplayTests.release.xcconfig"; path = "Target Support Files/Pods-Feed List DisplayTests/Pods-Feed List DisplayTests.release.xcconfig"; sourceTree = "<group>"; };
/* End PBXFileReference section */

/* Begin PBXFrameworksBuildPhase section */
		62F6AF1922C2E79B00923028 /* Frameworks */ = {
			isa = PBXFrameworksBuildPhase;
			buildActionMask = 2147483647;
			files = (
				44F24CA229B00BAA0A0BF617 /* Pods_Feed_List_Display.framework in Frameworks */,
			);
			runOnlyForDeploymentPostprocessing = 0;
		};
		62F6AF3022C2E79C00923028 /* Frameworks */ = {
			isa = PBXFrameworksBuildPhase;
			buildActionMask = 2147483647;
			files = (
				068CF7918AD20E67E6849330 /* Pods_Feed_List_DisplayTests.framework in Frameworks */,
			);
			runOnlyForDeploymentPostprocessing = 0;
		};
/* End PBXFrameworksBuildPhase section */

/* Begin PBXGroup section */
		62139AF422C34F6C00B30DDE /* RealmOperations */ = {
			isa = PBXGroup;
			children = (
				62139AF522C34FA000B30DDE /* PostSpecTests.swift */,
			);
			path = RealmOperations;
			sourceTree = "<group>";
		};
		62F6AF1322C2E79B00923028 = {
			isa = PBXGroup;
			children = (
				62F6AF5322C331FD00923028 /* README.md */,
				62F6AF1E22C2E79B00923028 /* Feed List Display */,
				62F6AF3622C2E79C00923028 /* Feed List DisplayTests */,
				62F6AF1D22C2E79B00923028 /* Products */,
				F785FCEE703B1513799915BF /* Pods */,
				FD9C557043E6B032B6C3FF15 /* Frameworks */,
			);
			sourceTree = "<group>";
		};
		62F6AF1D22C2E79B00923028 /* Products */ = {
			isa = PBXGroup;
			children = (
				62F6AF1C22C2E79B00923028 /* Feed List Display.app */,
				62F6AF3322C2E79C00923028 /* Feed List DisplayTests.xctest */,
			);
			name = Products;
			sourceTree = "<group>";
		};
		62F6AF1E22C2E79B00923028 /* Feed List Display */ = {
			isa = PBXGroup;
			children = (
				62F6AF1F22C2E79B00923028 /* AppDelegate.swift */,
				62F6AF2922C2E79C00923028 /* Assets.xcassets */,
				62F6AF2B22C2E79C00923028 /* LaunchScreen.storyboard */,
				62F6AF2E22C2E79C00923028 /* Info.plist */,
				62F6AF4422C2EA5300923028 /* Application.swift */,
				62F6AF4522C2EA5300923028 /* ApplicationCoordinator.swift */,
				62F6AF4322C2EA2100923028 /* Models */,
				62F6AF4222C2EA1400923028 /* UI */,
			);
			path = "Feed List Display";
			sourceTree = "<group>";
		};
		62F6AF3622C2E79C00923028 /* Feed List DisplayTests */ = {
			isa = PBXGroup;
			children = (
				62139AF422C34F6C00B30DDE /* RealmOperations */,
				62F6AF4D22C3171D00923028 /* Integration */,
				62F6AF3722C2E79C00923028 /* Feed_List_DisplayTests.swift */,
				62F6AF3922C2E79C00923028 /* Info.plist */,
			);
			path = "Feed List DisplayTests";
			sourceTree = "<group>";
		};
		62F6AF4222C2EA1400923028 /* UI */ = {
			isa = PBXGroup;
			children = (
				62F6AF4822C2EBB900923028 /* DisplayList */,
				62F6AF2322C2E79B00923028 /* Main.storyboard */,
			);
			path = UI;
			sourceTree = "<group>";
		};
		62F6AF4322C2EA2100923028 /* Models */ = {
			isa = PBXGroup;
			children = (
				62F6AF4B22C30C0700923028 /* Post.swift */,
			);
			path = Models;
			sourceTree = "<group>";
		};
		62F6AF4822C2EBB900923028 /* DisplayList */ = {
			isa = PBXGroup;
			children = (
				62F6AF2122C2E79B00923028 /* DisplayListViewController.swift */,
				62F6AF4922C2EBE000923028 /* DisplayListViewModel.swift */,
			);
			path = DisplayList;
			sourceTree = "<group>";
		};
		62F6AF4D22C3171D00923028 /* Integration */ = {
			isa = PBXGroup;
			children = (
				62F6AF5022C3174C00923028 /* ApplicationTests.swift */,
			);
			path = Integration;
			sourceTree = "<group>";
		};
		F785FCEE703B1513799915BF /* Pods */ = {
			isa = PBXGroup;
			children = (
				78FBDD9770F484986480008B /* Pods-Feed List Display.debug.xcconfig */,
				0CFB95D51B4CD97BF2A825F8 /* Pods-Feed List Display.release.xcconfig */,
				CCF9CB403A9DEDF2D03B9447 /* Pods-Feed List DisplayTests.debug.xcconfig */,
				D429A4F685531502D97A85DD /* Pods-Feed List DisplayTests.release.xcconfig */,
			);
			path = Pods;
			sourceTree = "<group>";
		};
		FD9C557043E6B032B6C3FF15 /* Frameworks */ = {
			isa = PBXGroup;
			children = (
				0E4F1A6E0C2004F4CDDAE008 /* Pods_Feed_List_Display.framework */,
				3E7CBFAA209376C8A787C0A0 /* Pods_Feed_List_DisplayTests.framework */,
			);
			name = Frameworks;
			sourceTree = "<group>";
		};
/* End PBXGroup section */

/* Begin PBXNativeTarget section */
		62F6AF1B22C2E79B00923028 /* Feed List Display */ = {
			isa = PBXNativeTarget;
			buildConfigurationList = 62F6AF3C22C2E79C00923028 /* Build configuration list for PBXNativeTarget "Feed List Display" */;
			buildPhases = (
				E15ECEAADF383466439E5194 /* [CP] Check Pods Manifest.lock */,
				62F6AF1822C2E79B00923028 /* Sources */,
				62F6AF1922C2E79B00923028 /* Frameworks */,
				62F6AF1A22C2E79B00923028 /* Resources */,
				ACB4F5D277002B364EA2A73F /* [CP] Embed Pods Frameworks */,
			);
			buildRules = (
			);
			dependencies = (
			);
			name = "Feed List Display";
			productName = "Feed List Display";
			productReference = 62F6AF1C22C2E79B00923028 /* Feed List Display.app */;
			productType = "com.apple.product-type.application";
		};
		62F6AF3222C2E79C00923028 /* Feed List DisplayTests */ = {
			isa = PBXNativeTarget;
			buildConfigurationList = 62F6AF3F22C2E79C00923028 /* Build configuration list for PBXNativeTarget "Feed List DisplayTests" */;
			buildPhases = (
				4A56DABA84D8ACA62AA45C3C /* [CP] Check Pods Manifest.lock */,
				62F6AF2F22C2E79C00923028 /* Sources */,
				62F6AF3022C2E79C00923028 /* Frameworks */,
				62F6AF3122C2E79C00923028 /* Resources */,
				0402CA05F4C0D43395EFCA4D /* [CP] Embed Pods Frameworks */,
			);
			buildRules = (
			);
			dependencies = (
				62F6AF3522C2E79C00923028 /* PBXTargetDependency */,
			);
			name = "Feed List DisplayTests";
			productName = "Feed List DisplayTests";
			productReference = 62F6AF3322C2E79C00923028 /* Feed List DisplayTests.xctest */;
			productType = "com.apple.product-type.bundle.unit-test";
		};
/* End PBXNativeTarget section */

/* Begin PBXProject section */
		62F6AF1422C2E79B00923028 /* Project object */ = {
			isa = PBXProject;
			attributes = {
				LastSwiftUpdateCheck = 1020;
				LastUpgradeCheck = 1020;
				ORGANIZATIONNAME = "Szymon Lorenz";
				TargetAttributes = {
					62F6AF1B22C2E79B00923028 = {
						CreatedOnToolsVersion = 10.2.1;
					};
					62F6AF3222C2E79C00923028 = {
						CreatedOnToolsVersion = 10.2.1;
						TestTargetID = 62F6AF1B22C2E79B00923028;
					};
				};
			};
			buildConfigurationList = 62F6AF1722C2E79B00923028 /* Build configuration list for PBXProject "Feed List Display" */;
			compatibilityVersion = "Xcode 9.3";
			developmentRegion = en;
			hasScannedForEncodings = 0;
			knownRegions = (
				en,
				Base,
			);
			mainGroup = 62F6AF1322C2E79B00923028;
			productRefGroup = 62F6AF1D22C2E79B00923028 /* Products */;
			projectDirPath = "";
			projectRoot = "";
			targets = (
				62F6AF1B22C2E79B00923028 /* Feed List Display */,
				62F6AF3222C2E79C00923028 /* Feed List DisplayTests */,
			);
		};
/* End PBXProject section */

/* Begin PBXResourcesBuildPhase section */
		62F6AF1A22C2E79B00923028 /* Resources */ = {
			isa = PBXResourcesBuildPhase;
			buildActionMask = 2147483647;
			files = (
				62F6AF2D22C2E79C00923028 /* LaunchScreen.storyboard in Resources */,
				62F6AF2A22C2E79C00923028 /* Assets.xcassets in Resources */,
				62F6AF5422C331FD00923028 /* README.md in Resources */,
				62F6AF2522C2E79B00923028 /* Main.storyboard in Resources */,
			);
			runOnlyForDeploymentPostprocessing = 0;
		};
		62F6AF3122C2E79C00923028 /* Resources */ = {
			isa = PBXResourcesBuildPhase;
			buildActionMask = 2147483647;
			files = (
			);
			runOnlyForDeploymentPostprocessing = 0;
		};
/* End PBXResourcesBuildPhase section */

/* Begin PBXShellScriptBuildPhase section */
		0402CA05F4C0D43395EFCA4D /* [CP] Embed Pods Frameworks */ = {
			isa = PBXShellScriptBuildPhase;
			buildActionMask = 2147483647;
			files = (
			);
			inputFileListPaths = (
				"${PODS_ROOT}/Target Support Files/Pods-Feed List DisplayTests/Pods-Feed List DisplayTests-frameworks-${CONFIGURATION}-input-files.xcfilelist",
			);
			name = "[CP] Embed Pods Frameworks";
			outputFileListPaths = (
				"${PODS_ROOT}/Target Support Files/Pods-Feed List DisplayTests/Pods-Feed List DisplayTests-frameworks-${CONFIGURATION}-output-files.xcfilelist",
			);
			runOnlyForDeploymentPostprocessing = 0;
			shellPath = /bin/sh;
			shellScript = "\"${PODS_ROOT}/Target Support Files/Pods-Feed List DisplayTests/Pods-Feed List DisplayTests-frameworks.sh\"\n";
			showEnvVarsInLog = 0;
		};
		4A56DABA84D8ACA62AA45C3C /* [CP] Check Pods Manifest.lock */ = {
			isa = PBXShellScriptBuildPhase;
			buildActionMask = 2147483647;
			files = (
			);
			inputFileListPaths = (
			);
			inputPaths = (
				"${PODS_PODFILE_DIR_PATH}/Podfile.lock",
				"${PODS_ROOT}/Manifest.lock",
			);
			name = "[CP] Check Pods Manifest.lock";
			outputFileListPaths = (
			);
			outputPaths = (
				"$(DERIVED_FILE_DIR)/Pods-Feed List DisplayTests-checkManifestLockResult.txt",
			);
			runOnlyForDeploymentPostprocessing = 0;
			shellPath = /bin/sh;
			shellScript = "diff \"${PODS_PODFILE_DIR_PATH}/Podfile.lock\" \"${PODS_ROOT}/Manifest.lock\" > /dev/null\nif [ $? != 0 ] ; then\n    # print error to STDERR\n    echo \"error: The sandbox is not in sync with the Podfile.lock. Run 'pod install' or update your CocoaPods installation.\" >&2\n    exit 1\nfi\n# This output is used by Xcode 'outputs' to avoid re-running this script phase.\necho \"SUCCESS\" > \"${SCRIPT_OUTPUT_FILE_0}\"\n";
			showEnvVarsInLog = 0;
		};
		ACB4F5D277002B364EA2A73F /* [CP] Embed Pods Frameworks */ = {
			isa = PBXShellScriptBuildPhase;
			buildActionMask = 2147483647;
			files = (
			);
			inputFileListPaths = (
				"${PODS_ROOT}/Target Support Files/Pods-Feed List Display/Pods-Feed List Display-frameworks-${CONFIGURATION}-input-files.xcfilelist",
			);
			name = "[CP] Embed Pods Frameworks";
			outputFileListPaths = (
				"${PODS_ROOT}/Target Support Files/Pods-Feed List Display/Pods-Feed List Display-frameworks-${CONFIGURATION}-output-files.xcfilelist",
			);
			runOnlyForDeploymentPostprocessing = 0;
			shellPath = /bin/sh;
			shellScript = "\"${PODS_ROOT}/Target Support Files/Pods-Feed List Display/Pods-Feed List Display-frameworks.sh\"\n";
			showEnvVarsInLog = 0;
		};
		E15ECEAADF383466439E5194 /* [CP] Check Pods Manifest.lock */ = {
			isa = PBXShellScriptBuildPhase;
			buildActionMask = 2147483647;
			files = (
			);
			inputFileListPaths = (
			);
			inputPaths = (
				"${PODS_PODFILE_DIR_PATH}/Podfile.lock",
				"${PODS_ROOT}/Manifest.lock",
			);
			name = "[CP] Check Pods Manifest.lock";
			outputFileListPaths = (
			);
			outputPaths = (
				"$(DERIVED_FILE_DIR)/Pods-Feed List Display-checkManifestLockResult.txt",
			);
			runOnlyForDeploymentPostprocessing = 0;
			shellPath = /bin/sh;
			shellScript = "diff \"${PODS_PODFILE_DIR_PATH}/Podfile.lock\" \"${PODS_ROOT}/Manifest.lock\" > /dev/null\nif [ $? != 0 ] ; then\n    # print error to STDERR\n    echo \"error: The sandbox is not in sync with the Podfile.lock. Run 'pod install' or update your CocoaPods installation.\" >&2\n    exit 1\nfi\n# This output is used by Xcode 'outputs' to avoid re-running this script phase.\necho \"SUCCESS\" > \"${SCRIPT_OUTPUT_FILE_0}\"\n";
			showEnvVarsInLog = 0;
		};
/* End PBXShellScriptBuildPhase section */

/* Begin PBXSourcesBuildPhase section */
		62F6AF1822C2E79B00923028 /* Sources */ = {
			isa = PBXSourcesBuildPhase;
			buildActionMask = 2147483647;
			files = (
				62F6AF4622C2EA5300923028 /* Application.swift in Sources */,
				62F6AF2222C2E79B00923028 /* DisplayListViewController.swift in Sources */,
				62F6AF4A22C2EBE000923028 /* DisplayListViewModel.swift in Sources */,
				62F6AF4C22C30C0700923028 /* Post.swift in Sources */,
				62F6AF2022C2E79B00923028 /* AppDelegate.swift in Sources */,
				62F6AF4722C2EA5300923028 /* ApplicationCoordinator.swift in Sources */,
			);
			runOnlyForDeploymentPostprocessing = 0;
		};
		62F6AF2F22C2E79C00923028 /* Sources */ = {
			isa = PBXSourcesBuildPhase;
			buildActionMask = 2147483647;
			files = (
				62F6AF5122C3174C00923028 /* ApplicationTests.swift in Sources */,
				62F6AF3822C2E79C00923028 /* Feed_List_DisplayTests.swift in Sources */,
				62139AF622C34FA000B30DDE /* PostSpecTests.swift in Sources */,
			);
			runOnlyForDeploymentPostprocessing = 0;
		};
/* End PBXSourcesBuildPhase section */

/* Begin PBXTargetDependency section */
		62F6AF3522C2E79C00923028 /* PBXTargetDependency */ = {
			isa = PBXTargetDependency;
			target = 62F6AF1B22C2E79B00923028 /* Feed List Display */;
			targetProxy = 62F6AF3422C2E79C00923028 /* PBXContainerItemProxy */;
		};
/* End PBXTargetDependency section */

/* Begin PBXVariantGroup section */
		62F6AF2322C2E79B00923028 /* Main.storyboard */ = {
			isa = PBXVariantGroup;
			children = (
				62F6AF2422C2E79B00923028 /* Base */,
			);
			name = Main.storyboard;
			sourceTree = "<group>";
		};
		62F6AF2B22C2E79C00923028 /* LaunchScreen.storyboard */ = {
			isa = PBXVariantGroup;
			children = (
				62F6AF2C22C2E79C00923028 /* Base */,
			);
			name = LaunchScreen.storyboard;
			sourceTree = "<group>";
		};
/* End PBXVariantGroup section */

/* Begin XCBuildConfiguration section */
		62F6AF3A22C2E79C00923028 /* Debug */ = {
			isa = XCBuildConfiguration;
			buildSettings = {
				ALWAYS_SEARCH_USER_PATHS = NO;
				CLANG_ANALYZER_NONNULL = YES;
				CLANG_ANALYZER_NUMBER_OBJECT_CONVERSION = YES_AGGRESSIVE;
				CLANG_CXX_LANGUAGE_STANDARD = "gnu++14";
				CLANG_CXX_LIBRARY = "libc++";
				CLANG_ENABLE_MODULES = YES;
				CLANG_ENABLE_OBJC_ARC = YES;
				CLANG_ENABLE_OBJC_WEAK = YES;
				CLANG_WARN_BLOCK_CAPTURE_AUTORELEASING = YES;
				CLANG_WARN_BOOL_CONVERSION = YES;
				CLANG_WARN_COMMA = YES;
				CLANG_WARN_CONSTANT_CONVERSION = YES;
				CLANG_WARN_DEPRECATED_OBJC_IMPLEMENTATIONS = YES;
				CLANG_WARN_DIRECT_OBJC_ISA_USAGE = YES_ERROR;
				CLANG_WARN_DOCUMENTATION_COMMENTS = YES;
				CLANG_WARN_EMPTY_BODY = YES;
				CLANG_WARN_ENUM_CONVERSION = YES;
				CLANG_WARN_INFINITE_RECURSION = YES;
				CLANG_WARN_INT_CONVERSION = YES;
				CLANG_WARN_NON_LITERAL_NULL_CONVERSION = YES;
				CLANG_WARN_OBJC_IMPLICIT_RETAIN_SELF = YES;
				CLANG_WARN_OBJC_LITERAL_CONVERSION = YES;
				CLANG_WARN_OBJC_ROOT_CLASS = YES_ERROR;
				CLANG_WARN_RANGE_LOOP_ANALYSIS = YES;
				CLANG_WARN_STRICT_PROTOTYPES = YES;
				CLANG_WARN_SUSPICIOUS_MOVE = YES;
				CLANG_WARN_UNGUARDED_AVAILABILITY = YES_AGGRESSIVE;
				CLANG_WARN_UNREACHABLE_CODE = YES;
				CLANG_WARN__DUPLICATE_METHOD_MATCH = YES;
				CODE_SIGN_IDENTITY = "iPhone Developer";
				COPY_PHASE_STRIP = NO;
				DEBUG_INFORMATION_FORMAT = dwarf;
				ENABLE_STRICT_OBJC_MSGSEND = YES;
				ENABLE_TESTABILITY = YES;
				GCC_C_LANGUAGE_STANDARD = gnu11;
				GCC_DYNAMIC_NO_PIC = NO;
				GCC_NO_COMMON_BLOCKS = YES;
				GCC_OPTIMIZATION_LEVEL = 0;
				GCC_PREPROCESSOR_DEFINITIONS = (
					"DEBUG=1",
					"$(inherited)",
				);
				GCC_WARN_64_TO_32_BIT_CONVERSION = YES;
				GCC_WARN_ABOUT_RETURN_TYPE = YES_ERROR;
				GCC_WARN_UNDECLARED_SELECTOR = YES;
				GCC_WARN_UNINITIALIZED_AUTOS = YES_AGGRESSIVE;
				GCC_WARN_UNUSED_FUNCTION = YES;
				GCC_WARN_UNUSED_VARIABLE = YES;
				IPHONEOS_DEPLOYMENT_TARGET = 12.2;
				MTL_ENABLE_DEBUG_INFO = INCLUDE_SOURCE;
				MTL_FAST_MATH = YES;
				ONLY_ACTIVE_ARCH = YES;
				SDKROOT = iphoneos;
				SWIFT_ACTIVE_COMPILATION_CONDITIONS = DEBUG;
				SWIFT_OPTIMIZATION_LEVEL = "-Onone";
			};
			name = Debug;
		};
		62F6AF3B22C2E79C00923028 /* Release */ = {
			isa = XCBuildConfiguration;
			buildSettings = {
				ALWAYS_SEARCH_USER_PATHS = NO;
				CLANG_ANALYZER_NONNULL = YES;
				CLANG_ANALYZER_NUMBER_OBJECT_CONVERSION = YES_AGGRESSIVE;
				CLANG_CXX_LANGUAGE_STANDARD = "gnu++14";
				CLANG_CXX_LIBRARY = "libc++";
				CLANG_ENABLE_MODULES = YES;
				CLANG_ENABLE_OBJC_ARC = YES;
				CLANG_ENABLE_OBJC_WEAK = YES;
				CLANG_WARN_BLOCK_CAPTURE_AUTORELEASING = YES;
				CLANG_WARN_BOOL_CONVERSION = YES;
				CLANG_WARN_COMMA = YES;
				CLANG_WARN_CONSTANT_CONVERSION = YES;
				CLANG_WARN_DEPRECATED_OBJC_IMPLEMENTATIONS = YES;
				CLANG_WARN_DIRECT_OBJC_ISA_USAGE = YES_ERROR;
				CLANG_WARN_DOCUMENTATION_COMMENTS = YES;
				CLANG_WARN_EMPTY_BODY = YES;
				CLANG_WARN_ENUM_CONVERSION = YES;
				CLANG_WARN_INFINITE_RECURSION = YES;
				CLANG_WARN_INT_CONVERSION = YES;
				CLANG_WARN_NON_LITERAL_NULL_CONVERSION = YES;
				CLANG_WARN_OBJC_IMPLICIT_RETAIN_SELF = YES;
				CLANG_WARN_OBJC_LITERAL_CONVERSION = YES;
				CLANG_WARN_OBJC_ROOT_CLASS = YES_ERROR;
				CLANG_WARN_RANGE_LOOP_ANALYSIS = YES;
				CLANG_WARN_STRICT_PROTOTYPES = YES;
				CLANG_WARN_SUSPICIOUS_MOVE = YES;
				CLANG_WARN_UNGUARDED_AVAILABILITY = YES_AGGRESSIVE;
				CLANG_WARN_UNREACHABLE_CODE = YES;
				CLANG_WARN__DUPLICATE_METHOD_MATCH = YES;
				CODE_SIGN_IDENTITY = "iPhone Developer";
				COPY_PHASE_STRIP = NO;
				DEBUG_INFORMATION_FORMAT = "dwarf-with-dsym";
				ENABLE_NS_ASSERTIONS = NO;
				ENABLE_STRICT_OBJC_MSGSEND = YES;
				GCC_C_LANGUAGE_STANDARD = gnu11;
				GCC_NO_COMMON_BLOCKS = YES;
				GCC_WARN_64_TO_32_BIT_CONVERSION = YES;
				GCC_WARN_ABOUT_RETURN_TYPE = YES_ERROR;
				GCC_WARN_UNDECLARED_SELECTOR = YES;
				GCC_WARN_UNINITIALIZED_AUTOS = YES_AGGRESSIVE;
				GCC_WARN_UNUSED_FUNCTION = YES;
				GCC_WARN_UNUSED_VARIABLE = YES;
				IPHONEOS_DEPLOYMENT_TARGET = 12.2;
				MTL_ENABLE_DEBUG_INFO = NO;
				MTL_FAST_MATH = YES;
				SDKROOT = iphoneos;
				SWIFT_COMPILATION_MODE = wholemodule;
				SWIFT_OPTIMIZATION_LEVEL = "-O";
				VALIDATE_PRODUCT = YES;
			};
			name = Release;
		};
		62F6AF3D22C2E79C00923028 /* Debug */ = {
			isa = XCBuildConfiguration;
			baseConfigurationReference = 78FBDD9770F484986480008B /* Pods-Feed List Display.debug.xcconfig */;
			buildSettings = {
				ASSETCATALOG_COMPILER_APPICON_NAME = AppIcon;
				CODE_SIGN_STYLE = Automatic;
				INFOPLIST_FILE = "Feed List Display/Info.plist";
				LD_RUNPATH_SEARCH_PATHS = (
					"$(inherited)",
					"@executable_path/Frameworks",
				);
				PRODUCT_BUNDLE_IDENTIFIER = "szymon.lorenz.Feed-List-Display";
				PRODUCT_NAME = "$(TARGET_NAME)";
				SWIFT_VERSION = 5.0;
				TARGETED_DEVICE_FAMILY = 1;
			};
			name = Debug;
		};
		62F6AF3E22C2E79C00923028 /* Release */ = {
			isa = XCBuildConfiguration;
			baseConfigurationReference = 0CFB95D51B4CD97BF2A825F8 /* Pods-Feed List Display.release.xcconfig */;
			buildSettings = {
				ASSETCATALOG_COMPILER_APPICON_NAME = AppIcon;
				CODE_SIGN_STYLE = Automatic;
				INFOPLIST_FILE = "Feed List Display/Info.plist";
				LD_RUNPATH_SEARCH_PATHS = (
					"$(inherited)",
					"@executable_path/Frameworks",
				);
				PRODUCT_BUNDLE_IDENTIFIER = "szymon.lorenz.Feed-List-Display";
				PRODUCT_NAME = "$(TARGET_NAME)";
				SWIFT_VERSION = 5.0;
				TARGETED_DEVICE_FAMILY = 1;
			};
			name = Release;
		};
		62F6AF4022C2E79C00923028 /* Debug */ = {
			isa = XCBuildConfiguration;
			baseConfigurationReference = CCF9CB403A9DEDF2D03B9447 /* Pods-Feed List DisplayTests.debug.xcconfig */;
			buildSettings = {
				ALWAYS_EMBED_SWIFT_STANDARD_LIBRARIES = YES;
				BUNDLE_LOADER = "$(TEST_HOST)";
				CODE_SIGN_STYLE = Automatic;
				INFOPLIST_FILE = "Feed List DisplayTests/Info.plist";
				LD_RUNPATH_SEARCH_PATHS = (
					"$(inherited)",
					"@executable_path/Frameworks",
					"@loader_path/Frameworks",
				);
				PRODUCT_BUNDLE_IDENTIFIER = "szymon.lorenz.Feed-List-DisplayTests";
				PRODUCT_NAME = "$(TARGET_NAME)";
				SWIFT_VERSION = 5.0;
				TARGETED_DEVICE_FAMILY = "1,2";
				TEST_HOST = "$(BUILT_PRODUCTS_DIR)/Feed List Display.app/Feed List Display";
			};
			name = Debug;
		};
		62F6AF4122C2E79C00923028 /* Release */ = {
			isa = XCBuildConfiguration;
			baseConfigurationReference = D429A4F685531502D97A85DD /* Pods-Feed List DisplayTests.release.xcconfig */;
			buildSettings = {
				ALWAYS_EMBED_SWIFT_STANDARD_LIBRARIES = YES;
				BUNDLE_LOADER = "$(TEST_HOST)";
				CODE_SIGN_STYLE = Automatic;
				INFOPLIST_FILE = "Feed List DisplayTests/Info.plist";
				LD_RUNPATH_SEARCH_PATHS = (
					"$(inherited)",
					"@executable_path/Frameworks",
					"@loader_path/Frameworks",
				);
				PRODUCT_BUNDLE_IDENTIFIER = "szymon.lorenz.Feed-List-DisplayTests";
				PRODUCT_NAME = "$(TARGET_NAME)";
				SWIFT_VERSION = 5.0;
				TARGETED_DEVICE_FAMILY = "1,2";
				TEST_HOST = "$(BUILT_PRODUCTS_DIR)/Feed List Display.app/Feed List Display";
			};
			name = Release;
		};
/* End XCBuildConfiguration section */

/* Begin XCConfigurationList section */
		62F6AF1722C2E79B00923028 /* Build configuration list for PBXProject "Feed List Display" */ = {
			isa = XCConfigurationList;
			buildConfigurations = (
				62F6AF3A22C2E79C00923028 /* Debug */,
				62F6AF3B22C2E79C00923028 /* Release */,
			);
			defaultConfigurationIsVisible = 0;
			defaultConfigurationName = Release;
		};
		62F6AF3C22C2E79C00923028 /* Build configuration list for PBXNativeTarget "Feed List Display" */ = {
			isa = XCConfigurationList;
			buildConfigurations = (
				62F6AF3D22C2E79C00923028 /* Debug */,
				62F6AF3E22C2E79C00923028 /* Release */,
			);
			defaultConfigurationIsVisible = 0;
			defaultConfigurationName = Release;
		};
		62F6AF3F22C2E79C00923028 /* Build configuration list for PBXNativeTarget "Feed List DisplayTests" */ = {
			isa = XCConfigurationList;
			buildConfigurations = (
				62F6AF4022C2E79C00923028 /* Debug */,
				62F6AF4122C2E79C00923028 /* Release */,
			);
			defaultConfigurationIsVisible = 0;
			defaultConfigurationName = Release;
		};
/* End XCConfigurationList section */
	};
	rootObject = 62F6AF1422C2E79B00923028 /* Project object */;
}
